
Microsoft Visual Studio Solution File, Format Version 12.00
# Visual Studio Version 16
VisualStudioVersion = 16.0.30330.147
MinimumVisualStudioVersion = 10.0.40219.1
Project("{FAE04EC0-301F-11D3-BF4B-00C04F79EFBC}") = "BlogMyself", "BlogMyself.csproj", "{3322C0CA-9F07-41B2-8FA6-9BF92D4AAA0D}"
EndProject
Project("{00D1A9C2-B5F0-4AF3-8072-F6C62B433612}") = "BlogMyself.DB", "..\BlogMyself.DB\BlogMyself.DB.sqlproj", "{3AD5146A-8BCA-4EFA-84EB-EEC81899D4C5}"
EndProject
Global
	GlobalSection(SolutionConfigurationPlatforms) = preSolution
		Debug|Any CPU = Debug|Any CPU
		Release|Any CPU = Release|Any CPU
	EndGlobalSection
	GlobalSection(ProjectConfigurationPlatforms) = postSolution
		{3322C0CA-9F07-41B2-8FA6-9BF92D4AAA0D}.Debug|Any CPU.ActiveCfg = Debug|Any CPU
		{3322C0CA-9F07-41B2-8FA6-9BF92D4AAA0D}.Debug|Any CPU.Build.0 = Debug|Any CPU
		{3322C0CA-9F07-41B2-8FA6-9BF92D4AAA0D}.Release|Any CPU.ActiveCfg = Release|Any CPU
		{3322C0CA-9F07-41B2-8FA6-9BF92D4AAA0D}.Release|Any CPU.Build.0 = Release|Any CPU
		{3AD5146A-8BCA-4EFA-84EB-EEC81899D4C5}.Debug|Any CPU.ActiveCfg = Debug|Any CPU
		{3AD5146A-8BCA-4EFA-84EB-EEC81899D4C5}.Debug|Any CPU.Build.0 = Debug|Any CPU
		{3AD5146A-8BCA-4EFA-84EB-EEC81899D4C5}.Debug|Any CPU.Deploy.0 = Debug|Any CPU
		{3AD5146A-8BCA-4EFA-84EB-EEC81899D4C5}.Release|Any CPU.ActiveCfg = Release|Any CPU
		{3AD5146A-8BCA-4EFA-84EB-EEC81899D4C5}.Release|Any CPU.Build.0 = Release|Any CPU
		{3AD5146A-8BCA-4EFA-84EB-EEC81899D4C5}.Release|Any CPU.Deploy.0 = Release|Any CPU
	EndGlobalSection
	GlobalSection(SolutionProperties) = preSolution
		HideSolutionNode = FALSE
	EndGlobalSection
	GlobalSection(ExtensibilityGlobals) = postSolution
		SolutionGuid = {FBD5B959-9012-4C0B-A327-174FAC0C5C16}
	EndGlobalSection
EndGlobal
